
Microsoft Visual Studio Solution File, Format Version 12.00
# Visual Studio 15
VisualStudioVersion = 15.0.27004.2009
MinimumVisualStudioVersion = 10.0.40219.1
Project("{9A19103F-16F7-4668-BE54-9A1E7A4F7556}") = "Conf", "Conf\Conf.csproj", "{24C877BD-BD08-414D-ADB9-4958F515D7EA}"
EndProject
Project("{9A19103F-16F7-4668-BE54-9A1E7A4F7556}") = "Conf.Core", "Conf.Core\Conf.Core.csproj", "{02A4E34F-9F57-4DC1-A4C6-B64EBECE558D}"
EndProject
Project("{9A19103F-16F7-4668-BE54-9A1E7A4F7556}") = "Conf.Infrastructure", "Conf.Infrastructure\Conf.Infrastructure.csproj", "{F051A8BE-C5AE-4BD1-AD10-C483BE49A779}"
EndProject
Project("{9A19103F-16F7-4668-BE54-9A1E7A4F7556}") = "Conf.Application", "Conf.Application\Conf.Application.csproj", "{19BC3902-43B9-4F7E-A746-9C12E5878A4E}"
EndProject
Project("{FAE04EC0-301F-11D3-BF4B-00C04F79EFBC}") = "Conf.Database", "Conf.Database\Conf.Database.csproj", "{3114B720-0A43-4BFC-B02A-787A84FEC0B8}"
EndProject
Global
	GlobalSection(SolutionConfigurationPlatforms) = preSolution
		Debug|Any CPU = Debug|Any CPU
		Release|Any CPU = Release|Any CPU
	EndGlobalSection
	GlobalSection(ProjectConfigurationPlatforms) = postSolution
		{24C877BD-BD08-414D-ADB9-4958F515D7EA}.Debug|Any CPU.ActiveCfg = Debug|Any CPU
		{24C877BD-BD08-414D-ADB9-4958F515D7EA}.Debug|Any CPU.Build.0 = Debug|Any CPU
		{24C877BD-BD08-414D-ADB9-4958F515D7EA}.Release|Any CPU.ActiveCfg = Release|Any CPU
		{24C877BD-BD08-414D-ADB9-4958F515D7EA}.Release|Any CPU.Build.0 = Release|Any CPU
		{02A4E34F-9F57-4DC1-A4C6-B64EBECE558D}.Debug|Any CPU.ActiveCfg = Debug|Any CPU
		{02A4E34F-9F57-4DC1-A4C6-B64EBECE558D}.Debug|Any CPU.Build.0 = Debug|Any CPU
		{02A4E34F-9F57-4DC1-A4C6-B64EBECE558D}.Release|Any CPU.ActiveCfg = Release|Any CPU
		{02A4E34F-9F57-4DC1-A4C6-B64EBECE558D}.Release|Any CPU.Build.0 = Release|Any CPU
		{F051A8BE-C5AE-4BD1-AD10-C483BE49A779}.Debug|Any CPU.ActiveCfg = Debug|Any CPU
		{F051A8BE-C5AE-4BD1-AD10-C483BE49A779}.Debug|Any CPU.Build.0 = Debug|Any CPU
		{F051A8BE-C5AE-4BD1-AD10-C483BE49A779}.Release|Any CPU.ActiveCfg = Release|Any CPU
		{F051A8BE-C5AE-4BD1-AD10-C483BE49A779}.Release|Any CPU.Build.0 = Release|Any CPU
		{19BC3902-43B9-4F7E-A746-9C12E5878A4E}.Debug|Any CPU.ActiveCfg = Debug|Any CPU
		{19BC3902-43B9-4F7E-A746-9C12E5878A4E}.Debug|Any CPU.Build.0 = Debug|Any CPU
		{19BC3902-43B9-4F7E-A746-9C12E5878A4E}.Release|Any CPU.ActiveCfg = Release|Any CPU
		{19BC3902-43B9-4F7E-A746-9C12E5878A4E}.Release|Any CPU.Build.0 = Release|Any CPU
		{3114B720-0A43-4BFC-B02A-787A84FEC0B8}.Debug|Any CPU.ActiveCfg = Debug|Any CPU
		{3114B720-0A43-4BFC-B02A-787A84FEC0B8}.Debug|Any CPU.Build.0 = Debug|Any CPU
		{3114B720-0A43-4BFC-B02A-787A84FEC0B8}.Release|Any CPU.ActiveCfg = Release|Any CPU
		{3114B720-0A43-4BFC-B02A-787A84FEC0B8}.Release|Any CPU.Build.0 = Release|Any CPU
	EndGlobalSection
	GlobalSection(SolutionProperties) = preSolution
		HideSolutionNode = FALSE
	EndGlobalSection
	GlobalSection(ExtensibilityGlobals) = postSolution
		SolutionGuid = {46A718AC-0919-4614-BCBF-930EA301E64B}
	EndGlobalSection
EndGlobal
